<Solution>
  <Folder Name="/src/">
    <Project Path="src\SimpleBitware.AspectNet.Abstractions\SimpleBitware.AspectNet.Abstractions.csproj" />
    <Project Path="src\SimpleBitware.AspectNet.Cecil\SimpleBitware.AspectNet.Cecil.csproj" />
    <Project Path="src\SimpleBitware.AspectNet\SimpleBitware.AspectNet.csproj" />
  </Folder>
  <Folder Name="/tests/">
    <Project Path="tests/SimpleBitware.Tests.Unit/SimpleBitware.Tests.Unit.csproj" />
    <Project Path="tests\SimpleBitware.Tests.Weaving\SimpleBitware.Tests.Weaving.csproj" />
  </Folder>
</Solution>
