<Solution>
  <Folder Name="/src/">
    <Project Path="src\SimpleBitware.Aop.Attributes\SimpleBitware.Aop.Attributes.csproj" />
    <Project Path="src\SimpleBitware.Aop.Generator\SimpleBitware.Aop.Generator.csproj" />
    <Project Path="src\SimpleBitware.Aop.Runtime\SimpleBitware.Aop.Runtime.csproj" />
    <Project Path="src\SimpleBitware.Aop\SimpleBitware.Aop.csproj" />
  </Folder>
  <Folder Name="/tests/">
    <Project Path="tests\SimpleBitware.Aop.Tests.Unit\SimpleBitware.Aop.Tests.Unit.csproj" />
  </Folder>
</Solution>
