<Solution>
  <Folder Name="/src/">
    <Project Path="src\SimpleBitware.AspectNet.Abstractions\SimpleBitware.AspectNet.Abstractions.csproj" />
    <Project Path="src\SimpleBitware.AspectNet\SimpleBitware.AspectNet.csproj" />
  </Folder>
  <Folder Name="/tests/">
    <Project Path="tests/ConsoleApp1/ConsoleApp1.csproj" />
  </Folder>
</Solution>
